github.com/metakeule/config v1.11.5 h1:khjNBg6ad3cqi3BP+4EnmSxhReO3H78LbKn4QfGrw6Y=
github.com/metakeule/config v1.11.5/go.mod h1:vL4fdTrun9Klnkd5LdJnpBLi6VptHAU2vsAJ71DQEh8=
github.com/metakeule/scaffold v1.6.1 h1:GpwMDG6xrbONBN9EiOTUfzoTqOPl1G4tSvVN9+//2s0=
github.com/metakeule/scaffold v1.6.1/go.mod h1:e5xetCI1axcA5LZFuTU6+avWY5k1wYK9FDJ6MCsjrCA=
github.com/metakeule/scaffold v1.6.2 h1:RsDNM3mfKmAajBazJMZoKqwjvAtrxeoIqFEpq13pgnI=
github.com/metakeule/scaffold v1.6.2/go.mod h1:e5xetCI1axcA5LZFuTU6+avWY5k1wYK9FDJ6MCsjrCA=
gopkg.in/metakeule/fmtdate.v1 v1.1.1 h1:WsilQ9QBdlekDRNb+XNWitP3WZr0Hsm3ZV5x03FA1Ok=
gopkg.in/metakeule/fmtdate.v1 v1.1.1/go.mod h1:hFPgaPYt4HXtCd0dKHrZ65o4C90eBj44GODUbzstN7E=
